{
	"name": "@react-ui-lib/badge",
	"version": "1.0.1-alpha.0",
	"lockfileVersion": 2,
	"requires": true,
	"packages": {
		"": {
			"name": "@react-ui-lib/badge",
			"version": "1.0.0",
			"license": "MIT",
			"dependencies": {
				"@react-ui-lib/utils": "^1.0.11-alpha.0"
			},
			"peerDependencies": {
				"react": "^17.0.2",
				"react-dom": "^17.0.2"
			}
		},
		"node_modules/@react-ui-lib/utils": {
			"version": "1.0.11-alpha.0",
			"resolved": "https://registry.npmjs.org/@react-ui-lib/utils/-/utils-1.0.11-alpha.0.tgz",
			"integrity": "sha512-fY52CXqzsQbUZt3lBV/OiacN+ib36h/jstI26JnDsXiuoZI2CSVYtLZDSHSr/QKWEmNNr6t9PsAg+dliSN4XYQ==",
			"dependencies": {
				"classnames": "^2.3.1",
				"tailwind-merge": "^1.2.0"
			},
			"peerDependencies": {
				"react": "^17.0.2",
				"react-dom": "^17.0.2"
			}
		},
		"node_modules/classnames": {
			"version": "2.3.1",
			"resolved": "https://registry.npmjs.org/classnames/-/classnames-2.3.1.tgz",
			"integrity": "sha512-OlQdbZ7gLfGarSqxesMesDa5uz7KFbID8Kpq/SxIoNGDqY8lSYs0D+hhtBXhcdB3rcbXArFr7vlHheLk1voeNA=="
		},
		"node_modules/hashlru": {
			"version": "2.3.0",
			"resolved": "https://registry.npmjs.org/hashlru/-/hashlru-2.3.0.tgz",
			"integrity": "sha512-0cMsjjIC8I+D3M44pOQdsy0OHXGLVz6Z0beRuufhKa0KfaD2wGwAev6jILzXsd3/vpnNQJmWyZtIILqM1N+n5A=="
		},
		"node_modules/tailwind-merge": {
			"version": "1.2.0",
			"resolved": "https://registry.npmjs.org/tailwind-merge/-/tailwind-merge-1.2.0.tgz",
			"integrity": "sha512-XIY4LRLOdOYX6dN+tHlb3K6YE+uxxz9hqDciByQT6dlO4+clDGO6Rl0a4atNdxLpbDIZQFBSxS4r/4/xOKRKkA==",
			"dependencies": {
				"hashlru": "^2.3.0"
			}
		}
	},
	"dependencies": {
		"@react-ui-lib/utils": {
			"version": "1.0.11-alpha.0",
			"resolved": "https://registry.npmjs.org/@react-ui-lib/utils/-/utils-1.0.11-alpha.0.tgz",
			"integrity": "sha512-fY52CXqzsQbUZt3lBV/OiacN+ib36h/jstI26JnDsXiuoZI2CSVYtLZDSHSr/QKWEmNNr6t9PsAg+dliSN4XYQ==",
			"requires": {
				"classnames": "^2.3.1",
				"tailwind-merge": "^1.2.0"
			}
		},
		"classnames": {
			"version": "2.3.1",
			"resolved": "https://registry.npmjs.org/classnames/-/classnames-2.3.1.tgz",
			"integrity": "sha512-OlQdbZ7gLfGarSqxesMesDa5uz7KFbID8Kpq/SxIoNGDqY8lSYs0D+hhtBXhcdB3rcbXArFr7vlHheLk1voeNA=="
		},
		"hashlru": {
			"version": "2.3.0",
			"resolved": "https://registry.npmjs.org/hashlru/-/hashlru-2.3.0.tgz",
			"integrity": "sha512-0cMsjjIC8I+D3M44pOQdsy0OHXGLVz6Z0beRuufhKa0KfaD2wGwAev6jILzXsd3/vpnNQJmWyZtIILqM1N+n5A=="
		},
		"tailwind-merge": {
			"version": "1.2.0",
			"resolved": "https://registry.npmjs.org/tailwind-merge/-/tailwind-merge-1.2.0.tgz",
			"integrity": "sha512-XIY4LRLOdOYX6dN+tHlb3K6YE+uxxz9hqDciByQT6dlO4+clDGO6Rl0a4atNdxLpbDIZQFBSxS4r/4/xOKRKkA==",
			"requires": {
				"hashlru": "^2.3.0"
			}
		}
	}
}
